
Microsoft Visual Studio Solution File, Format Version 12.00
# Visual Studio Version 17
VisualStudioVersion = 17.14.36429.23 d17.14
MinimumVisualStudioVersion = 10.0.40219.1
Project("{8BC9CEB8-8B4A-11D0-8D11-00A0C91BC942}") = "07-exam-01", "07-exam-01\07-exam-01.vcxproj", "{9C7A14C9-C7D3-4310-8C7B-FCA6035129E6}"
EndProject
Global
	GlobalSection(SolutionConfigurationPlatforms) = preSolution
		Debug|x64 = Debug|x64
		Debug|x86 = Debug|x86
		Release|x64 = Release|x64
		Release|x86 = Release|x86
	EndGlobalSection
	GlobalSection(ProjectConfigurationPlatforms) = postSolution
		{9C7A14C9-C7D3-4310-8C7B-FCA6035129E6}.Debug|x64.ActiveCfg = Debug|x64
		{9C7A14C9-C7D3-4310-8C7B-FCA6035129E6}.Debug|x64.Build.0 = Debug|x64
		{9C7A14C9-C7D3-4310-8C7B-FCA6035129E6}.Debug|x86.ActiveCfg = Debug|Win32
		{9C7A14C9-C7D3-4310-8C7B-FCA6035129E6}.Debug|x86.Build.0 = Debug|Win32
		{9C7A14C9-C7D3-4310-8C7B-FCA6035129E6}.Release|x64.ActiveCfg = Release|x64
		{9C7A14C9-C7D3-4310-8C7B-FCA6035129E6}.Release|x64.Build.0 = Release|x64
		{9C7A14C9-C7D3-4310-8C7B-FCA6035129E6}.Release|x86.ActiveCfg = Release|Win32
		{9C7A14C9-C7D3-4310-8C7B-FCA6035129E6}.Release|x86.Build.0 = Release|Win32
	EndGlobalSection
	GlobalSection(SolutionProperties) = preSolution
		HideSolutionNode = FALSE
	EndGlobalSection
	GlobalSection(ExtensibilityGlobals) = postSolution
		SolutionGuid = {17188727-79D6-48E6-9F4B-3A12CA5B2C30}
	EndGlobalSection
EndGlobal
