
Microsoft Visual Studio Solution File, Format Version 12.00
# Visual Studio Version 17
VisualStudioVersion = 17.14.36429.23 d17.14
MinimumVisualStudioVersion = 10.0.40219.1
Project("{8BC9CEB8-8B4A-11D0-8D11-00A0C91BC942}") = "10-exam-01", "10-exam-01\10-exam-01.vcxproj", "{15702667-1BD7-4FE0-BC58-7F9069F22C3D}"
EndProject
Global
	GlobalSection(SolutionConfigurationPlatforms) = preSolution
		Debug|x64 = Debug|x64
		Debug|x86 = Debug|x86
		Release|x64 = Release|x64
		Release|x86 = Release|x86
	EndGlobalSection
	GlobalSection(ProjectConfigurationPlatforms) = postSolution
		{15702667-1BD7-4FE0-BC58-7F9069F22C3D}.Debug|x64.ActiveCfg = Debug|x64
		{15702667-1BD7-4FE0-BC58-7F9069F22C3D}.Debug|x64.Build.0 = Debug|x64
		{15702667-1BD7-4FE0-BC58-7F9069F22C3D}.Debug|x86.ActiveCfg = Debug|Win32
		{15702667-1BD7-4FE0-BC58-7F9069F22C3D}.Debug|x86.Build.0 = Debug|Win32
		{15702667-1BD7-4FE0-BC58-7F9069F22C3D}.Release|x64.ActiveCfg = Release|x64
		{15702667-1BD7-4FE0-BC58-7F9069F22C3D}.Release|x64.Build.0 = Release|x64
		{15702667-1BD7-4FE0-BC58-7F9069F22C3D}.Release|x86.ActiveCfg = Release|Win32
		{15702667-1BD7-4FE0-BC58-7F9069F22C3D}.Release|x86.Build.0 = Release|Win32
	EndGlobalSection
	GlobalSection(SolutionProperties) = preSolution
		HideSolutionNode = FALSE
	EndGlobalSection
	GlobalSection(ExtensibilityGlobals) = postSolution
		SolutionGuid = {FBBA0D6E-966B-48D8-BE9B-6904A033C70F}
	EndGlobalSection
EndGlobal
