
Microsoft Visual Studio Solution File, Format Version 12.00
# Visual Studio Version 17
VisualStudioVersion = 17.14.36429.23 d17.14
MinimumVisualStudioVersion = 10.0.40219.1
Project("{8BC9CEB8-8B4A-11D0-8D11-00A0C91BC942}") = "06-exam-05", "06-exam-05\06-exam-05.vcxproj", "{2C24F44C-F850-4C9F-AB78-8834F9F6F4C0}"
EndProject
Global
	GlobalSection(SolutionConfigurationPlatforms) = preSolution
		Debug|x64 = Debug|x64
		Debug|x86 = Debug|x86
		Release|x64 = Release|x64
		Release|x86 = Release|x86
	EndGlobalSection
	GlobalSection(ProjectConfigurationPlatforms) = postSolution
		{2C24F44C-F850-4C9F-AB78-8834F9F6F4C0}.Debug|x64.ActiveCfg = Debug|x64
		{2C24F44C-F850-4C9F-AB78-8834F9F6F4C0}.Debug|x64.Build.0 = Debug|x64
		{2C24F44C-F850-4C9F-AB78-8834F9F6F4C0}.Debug|x86.ActiveCfg = Debug|Win32
		{2C24F44C-F850-4C9F-AB78-8834F9F6F4C0}.Debug|x86.Build.0 = Debug|Win32
		{2C24F44C-F850-4C9F-AB78-8834F9F6F4C0}.Release|x64.ActiveCfg = Release|x64
		{2C24F44C-F850-4C9F-AB78-8834F9F6F4C0}.Release|x64.Build.0 = Release|x64
		{2C24F44C-F850-4C9F-AB78-8834F9F6F4C0}.Release|x86.ActiveCfg = Release|Win32
		{2C24F44C-F850-4C9F-AB78-8834F9F6F4C0}.Release|x86.Build.0 = Release|Win32
	EndGlobalSection
	GlobalSection(SolutionProperties) = preSolution
		HideSolutionNode = FALSE
	EndGlobalSection
	GlobalSection(ExtensibilityGlobals) = postSolution
		SolutionGuid = {A6E9DAE4-6A89-4640-A5EB-EBD6299213C6}
	EndGlobalSection
EndGlobal
