
Microsoft Visual Studio Solution File, Format Version 12.00
# Visual Studio Version 17
VisualStudioVersion = 17.14.36429.23 d17.14
MinimumVisualStudioVersion = 10.0.40219.1
Project("{8BC9CEB8-8B4A-11D0-8D11-00A0C91BC942}") = "07-exam-03", "07-exam-03\07-exam-03.vcxproj", "{DD5BC084-750E-42BC-8EA4-7B4AEAE1F021}"
EndProject
Global
	GlobalSection(SolutionConfigurationPlatforms) = preSolution
		Debug|x64 = Debug|x64
		Debug|x86 = Debug|x86
		Release|x64 = Release|x64
		Release|x86 = Release|x86
	EndGlobalSection
	GlobalSection(ProjectConfigurationPlatforms) = postSolution
		{DD5BC084-750E-42BC-8EA4-7B4AEAE1F021}.Debug|x64.ActiveCfg = Debug|x64
		{DD5BC084-750E-42BC-8EA4-7B4AEAE1F021}.Debug|x64.Build.0 = Debug|x64
		{DD5BC084-750E-42BC-8EA4-7B4AEAE1F021}.Debug|x86.ActiveCfg = Debug|Win32
		{DD5BC084-750E-42BC-8EA4-7B4AEAE1F021}.Debug|x86.Build.0 = Debug|Win32
		{DD5BC084-750E-42BC-8EA4-7B4AEAE1F021}.Release|x64.ActiveCfg = Release|x64
		{DD5BC084-750E-42BC-8EA4-7B4AEAE1F021}.Release|x64.Build.0 = Release|x64
		{DD5BC084-750E-42BC-8EA4-7B4AEAE1F021}.Release|x86.ActiveCfg = Release|Win32
		{DD5BC084-750E-42BC-8EA4-7B4AEAE1F021}.Release|x86.Build.0 = Release|Win32
	EndGlobalSection
	GlobalSection(SolutionProperties) = preSolution
		HideSolutionNode = FALSE
	EndGlobalSection
	GlobalSection(ExtensibilityGlobals) = postSolution
		SolutionGuid = {982D0632-DEFF-4AAD-88D4-C468C1C0DA3B}
	EndGlobalSection
EndGlobal
