
Microsoft Visual Studio Solution File, Format Version 12.00
# Visual Studio Version 17
VisualStudioVersion = 17.14.36429.23 d17.14
MinimumVisualStudioVersion = 10.0.40219.1
Project("{8BC9CEB8-8B4A-11D0-8D11-00A0C91BC942}") = "04-05", "04-05\04-05.vcxproj", "{E535A49B-1B6D-48C3-AC6E-535ED106B4FF}"
EndProject
Global
	GlobalSection(SolutionConfigurationPlatforms) = preSolution
		Debug|x64 = Debug|x64
		Debug|x86 = Debug|x86
		Release|x64 = Release|x64
		Release|x86 = Release|x86
	EndGlobalSection
	GlobalSection(ProjectConfigurationPlatforms) = postSolution
		{E535A49B-1B6D-48C3-AC6E-535ED106B4FF}.Debug|x64.ActiveCfg = Debug|x64
		{E535A49B-1B6D-48C3-AC6E-535ED106B4FF}.Debug|x64.Build.0 = Debug|x64
		{E535A49B-1B6D-48C3-AC6E-535ED106B4FF}.Debug|x86.ActiveCfg = Debug|Win32
		{E535A49B-1B6D-48C3-AC6E-535ED106B4FF}.Debug|x86.Build.0 = Debug|Win32
		{E535A49B-1B6D-48C3-AC6E-535ED106B4FF}.Release|x64.ActiveCfg = Release|x64
		{E535A49B-1B6D-48C3-AC6E-535ED106B4FF}.Release|x64.Build.0 = Release|x64
		{E535A49B-1B6D-48C3-AC6E-535ED106B4FF}.Release|x86.ActiveCfg = Release|Win32
		{E535A49B-1B6D-48C3-AC6E-535ED106B4FF}.Release|x86.Build.0 = Release|Win32
	EndGlobalSection
	GlobalSection(SolutionProperties) = preSolution
		HideSolutionNode = FALSE
	EndGlobalSection
	GlobalSection(ExtensibilityGlobals) = postSolution
		SolutionGuid = {764D0442-EC41-4F18-84A9-49717E43507F}
	EndGlobalSection
EndGlobal
