
Microsoft Visual Studio Solution File, Format Version 12.00
# Visual Studio Version 17
VisualStudioVersion = 17.14.36429.23 d17.14
MinimumVisualStudioVersion = 10.0.40219.1
Project("{8BC9CEB8-8B4A-11D0-8D11-00A0C91BC942}") = "08-03", "08-03\08-03.vcxproj", "{266F0605-5638-4FB2-9405-9FF0E3F8941C}"
EndProject
Global
	GlobalSection(SolutionConfigurationPlatforms) = preSolution
		Debug|x64 = Debug|x64
		Debug|x86 = Debug|x86
		Release|x64 = Release|x64
		Release|x86 = Release|x86
	EndGlobalSection
	GlobalSection(ProjectConfigurationPlatforms) = postSolution
		{266F0605-5638-4FB2-9405-9FF0E3F8941C}.Debug|x64.ActiveCfg = Debug|x64
		{266F0605-5638-4FB2-9405-9FF0E3F8941C}.Debug|x64.Build.0 = Debug|x64
		{266F0605-5638-4FB2-9405-9FF0E3F8941C}.Debug|x86.ActiveCfg = Debug|Win32
		{266F0605-5638-4FB2-9405-9FF0E3F8941C}.Debug|x86.Build.0 = Debug|Win32
		{266F0605-5638-4FB2-9405-9FF0E3F8941C}.Release|x64.ActiveCfg = Release|x64
		{266F0605-5638-4FB2-9405-9FF0E3F8941C}.Release|x64.Build.0 = Release|x64
		{266F0605-5638-4FB2-9405-9FF0E3F8941C}.Release|x86.ActiveCfg = Release|Win32
		{266F0605-5638-4FB2-9405-9FF0E3F8941C}.Release|x86.Build.0 = Release|Win32
	EndGlobalSection
	GlobalSection(SolutionProperties) = preSolution
		HideSolutionNode = FALSE
	EndGlobalSection
	GlobalSection(ExtensibilityGlobals) = postSolution
		SolutionGuid = {EFB72DE6-CF3A-40AA-A358-B5C2B25E934F}
	EndGlobalSection
EndGlobal
