
Microsoft Visual Studio Solution File, Format Version 12.00
# Visual Studio Version 17
VisualStudioVersion = 17.14.36429.23 d17.14
MinimumVisualStudioVersion = 10.0.40219.1
Project("{8BC9CEB8-8B4A-11D0-8D11-00A0C91BC942}") = "10-02", "10-02\10-02.vcxproj", "{F4C2FB3E-D38A-4EEC-BDEE-9ECC233F6F85}"
EndProject
Global
	GlobalSection(SolutionConfigurationPlatforms) = preSolution
		Debug|x64 = Debug|x64
		Debug|x86 = Debug|x86
		Release|x64 = Release|x64
		Release|x86 = Release|x86
	EndGlobalSection
	GlobalSection(ProjectConfigurationPlatforms) = postSolution
		{F4C2FB3E-D38A-4EEC-BDEE-9ECC233F6F85}.Debug|x64.ActiveCfg = Debug|x64
		{F4C2FB3E-D38A-4EEC-BDEE-9ECC233F6F85}.Debug|x64.Build.0 = Debug|x64
		{F4C2FB3E-D38A-4EEC-BDEE-9ECC233F6F85}.Debug|x86.ActiveCfg = Debug|Win32
		{F4C2FB3E-D38A-4EEC-BDEE-9ECC233F6F85}.Debug|x86.Build.0 = Debug|Win32
		{F4C2FB3E-D38A-4EEC-BDEE-9ECC233F6F85}.Release|x64.ActiveCfg = Release|x64
		{F4C2FB3E-D38A-4EEC-BDEE-9ECC233F6F85}.Release|x64.Build.0 = Release|x64
		{F4C2FB3E-D38A-4EEC-BDEE-9ECC233F6F85}.Release|x86.ActiveCfg = Release|Win32
		{F4C2FB3E-D38A-4EEC-BDEE-9ECC233F6F85}.Release|x86.Build.0 = Release|Win32
	EndGlobalSection
	GlobalSection(SolutionProperties) = preSolution
		HideSolutionNode = FALSE
	EndGlobalSection
	GlobalSection(ExtensibilityGlobals) = postSolution
		SolutionGuid = {B34F0595-4B50-4CCA-9F3B-33956C96C943}
	EndGlobalSection
EndGlobal
