
Microsoft Visual Studio Solution File, Format Version 12.00
# Visual Studio Version 17
VisualStudioVersion = 17.14.36429.23 d17.14
MinimumVisualStudioVersion = 10.0.40219.1
Project("{8BC9CEB8-8B4A-11D0-8D11-00A0C91BC942}") = "10-01", "10-01\10-01.vcxproj", "{663EC96D-7FA9-4F62-9F9B-682F903BA48A}"
EndProject
Global
	GlobalSection(SolutionConfigurationPlatforms) = preSolution
		Debug|x64 = Debug|x64
		Debug|x86 = Debug|x86
		Release|x64 = Release|x64
		Release|x86 = Release|x86
	EndGlobalSection
	GlobalSection(ProjectConfigurationPlatforms) = postSolution
		{663EC96D-7FA9-4F62-9F9B-682F903BA48A}.Debug|x64.ActiveCfg = Debug|x64
		{663EC96D-7FA9-4F62-9F9B-682F903BA48A}.Debug|x64.Build.0 = Debug|x64
		{663EC96D-7FA9-4F62-9F9B-682F903BA48A}.Debug|x86.ActiveCfg = Debug|Win32
		{663EC96D-7FA9-4F62-9F9B-682F903BA48A}.Debug|x86.Build.0 = Debug|Win32
		{663EC96D-7FA9-4F62-9F9B-682F903BA48A}.Release|x64.ActiveCfg = Release|x64
		{663EC96D-7FA9-4F62-9F9B-682F903BA48A}.Release|x64.Build.0 = Release|x64
		{663EC96D-7FA9-4F62-9F9B-682F903BA48A}.Release|x86.ActiveCfg = Release|Win32
		{663EC96D-7FA9-4F62-9F9B-682F903BA48A}.Release|x86.Build.0 = Release|Win32
	EndGlobalSection
	GlobalSection(SolutionProperties) = preSolution
		HideSolutionNode = FALSE
	EndGlobalSection
	GlobalSection(ExtensibilityGlobals) = postSolution
		SolutionGuid = {30B2F647-D6D6-4182-9FEE-2462FD60CE51}
	EndGlobalSection
EndGlobal
