
Microsoft Visual Studio Solution File, Format Version 12.00
# Visual Studio Version 17
VisualStudioVersion = 17.14.36429.23 d17.14
MinimumVisualStudioVersion = 10.0.40219.1
Project("{8BC9CEB8-8B4A-11D0-8D11-00A0C91BC942}") = "10-05", "10-05\10-05.vcxproj", "{D41F2780-BEDF-45BF-8333-6DA05B86FB35}"
EndProject
Global
	GlobalSection(SolutionConfigurationPlatforms) = preSolution
		Debug|x64 = Debug|x64
		Debug|x86 = Debug|x86
		Release|x64 = Release|x64
		Release|x86 = Release|x86
	EndGlobalSection
	GlobalSection(ProjectConfigurationPlatforms) = postSolution
		{D41F2780-BEDF-45BF-8333-6DA05B86FB35}.Debug|x64.ActiveCfg = Debug|x64
		{D41F2780-BEDF-45BF-8333-6DA05B86FB35}.Debug|x64.Build.0 = Debug|x64
		{D41F2780-BEDF-45BF-8333-6DA05B86FB35}.Debug|x86.ActiveCfg = Debug|Win32
		{D41F2780-BEDF-45BF-8333-6DA05B86FB35}.Debug|x86.Build.0 = Debug|Win32
		{D41F2780-BEDF-45BF-8333-6DA05B86FB35}.Release|x64.ActiveCfg = Release|x64
		{D41F2780-BEDF-45BF-8333-6DA05B86FB35}.Release|x64.Build.0 = Release|x64
		{D41F2780-BEDF-45BF-8333-6DA05B86FB35}.Release|x86.ActiveCfg = Release|Win32
		{D41F2780-BEDF-45BF-8333-6DA05B86FB35}.Release|x86.Build.0 = Release|Win32
	EndGlobalSection
	GlobalSection(SolutionProperties) = preSolution
		HideSolutionNode = FALSE
	EndGlobalSection
	GlobalSection(ExtensibilityGlobals) = postSolution
		SolutionGuid = {BC1017B0-61E2-4CCE-8887-2E03036977F5}
	EndGlobalSection
EndGlobal
