
Microsoft Visual Studio Solution File, Format Version 12.00
# Visual Studio Version 17
VisualStudioVersion = 17.14.36429.23 d17.14
MinimumVisualStudioVersion = 10.0.40219.1
Project("{8BC9CEB8-8B4A-11D0-8D11-00A0C91BC942}") = "08-02", "08-02\08-02.vcxproj", "{2055A699-9A14-4298-AA55-A30D6B97F733}"
EndProject
Global
	GlobalSection(SolutionConfigurationPlatforms) = preSolution
		Debug|x64 = Debug|x64
		Debug|x86 = Debug|x86
		Release|x64 = Release|x64
		Release|x86 = Release|x86
	EndGlobalSection
	GlobalSection(ProjectConfigurationPlatforms) = postSolution
		{2055A699-9A14-4298-AA55-A30D6B97F733}.Debug|x64.ActiveCfg = Debug|x64
		{2055A699-9A14-4298-AA55-A30D6B97F733}.Debug|x64.Build.0 = Debug|x64
		{2055A699-9A14-4298-AA55-A30D6B97F733}.Debug|x86.ActiveCfg = Debug|Win32
		{2055A699-9A14-4298-AA55-A30D6B97F733}.Debug|x86.Build.0 = Debug|Win32
		{2055A699-9A14-4298-AA55-A30D6B97F733}.Release|x64.ActiveCfg = Release|x64
		{2055A699-9A14-4298-AA55-A30D6B97F733}.Release|x64.Build.0 = Release|x64
		{2055A699-9A14-4298-AA55-A30D6B97F733}.Release|x86.ActiveCfg = Release|Win32
		{2055A699-9A14-4298-AA55-A30D6B97F733}.Release|x86.Build.0 = Release|Win32
	EndGlobalSection
	GlobalSection(SolutionProperties) = preSolution
		HideSolutionNode = FALSE
	EndGlobalSection
	GlobalSection(ExtensibilityGlobals) = postSolution
		SolutionGuid = {40A4CD9F-0CF4-4B3A-9BC5-1C61CFBC4FED}
	EndGlobalSection
EndGlobal
