
Microsoft Visual Studio Solution File, Format Version 12.00
# Visual Studio Version 17
VisualStudioVersion = 17.14.36429.23 d17.14
MinimumVisualStudioVersion = 10.0.40219.1
Project("{8BC9CEB8-8B4A-11D0-8D11-00A0C91BC942}") = "06-exam-11", "06-exam-11\06-exam-11.vcxproj", "{40C3EAF2-9C73-4A20-8E41-523B471CAB94}"
EndProject
Global
	GlobalSection(SolutionConfigurationPlatforms) = preSolution
		Debug|x64 = Debug|x64
		Debug|x86 = Debug|x86
		Release|x64 = Release|x64
		Release|x86 = Release|x86
	EndGlobalSection
	GlobalSection(ProjectConfigurationPlatforms) = postSolution
		{40C3EAF2-9C73-4A20-8E41-523B471CAB94}.Debug|x64.ActiveCfg = Debug|x64
		{40C3EAF2-9C73-4A20-8E41-523B471CAB94}.Debug|x64.Build.0 = Debug|x64
		{40C3EAF2-9C73-4A20-8E41-523B471CAB94}.Debug|x86.ActiveCfg = Debug|Win32
		{40C3EAF2-9C73-4A20-8E41-523B471CAB94}.Debug|x86.Build.0 = Debug|Win32
		{40C3EAF2-9C73-4A20-8E41-523B471CAB94}.Release|x64.ActiveCfg = Release|x64
		{40C3EAF2-9C73-4A20-8E41-523B471CAB94}.Release|x64.Build.0 = Release|x64
		{40C3EAF2-9C73-4A20-8E41-523B471CAB94}.Release|x86.ActiveCfg = Release|Win32
		{40C3EAF2-9C73-4A20-8E41-523B471CAB94}.Release|x86.Build.0 = Release|Win32
	EndGlobalSection
	GlobalSection(SolutionProperties) = preSolution
		HideSolutionNode = FALSE
	EndGlobalSection
	GlobalSection(ExtensibilityGlobals) = postSolution
		SolutionGuid = {D9B90CCA-9EB6-4469-9F55-F460D36DA525}
	EndGlobalSection
EndGlobal
